<?xml version="1.0" encoding="utf-8"?>
<Project ToolsVersion="4.0" xmlns="http://schemas.microsoft.com/developer/msbuild/2003">
  <ItemGroup>
    <Filter Include="Source Files">
      <UniqueIdentifier>{4FC737F1-C7A5-4376-A066-2A32D752A2FF}</UniqueIdentifier>
      <Extensions>cpp;c;cc;cxx;c++;cppm;ixx;def;odl;idl;hpj;bat;asm;asmx</Extensions>
    </Filter>
    <Filter Include="Header Files">
      <UniqueIdentifier>{93995380-89BD-4b04-88EB-625FBE52EBFB}</UniqueIdentifier>
      <Extensions>h;hh;hpp;hxx;h++;hm;inl;inc;ipp;xsd</Extensions>
    </Filter>
    <Filter Include="Resource Files">
      <UniqueIdentifier>{67DA6AB6-F800-4c08-8B7A-83BB121AAD01}</UniqueIdentifier>
      <Extensions>rc;ico;cur;bmp;dlg;rc2;rct;bin;rgs;gif;jpg;jpeg;jpe;resx;tiff;tif;png;wav;mfcribbon-ms</Extensions>
    </Filter>
  </ItemGroup>
  <ItemGroup>
    <ClCompile Include="ToolingExecutableTests\CmdlineParsingHelpersTests.cpp">
      <Filter>Source Files</Filter>
    </ClCompile>
    <ClCompile Include="pch.cpp">
      <Filter>Source Files</Filter>
    </ClCompile>
    <ClCompile Include="ToolingExecutableTests\CmdlineArgumentsParserTests.cpp">
      <Filter>Source Files</Filter>
    </ClCompile>
    <ClCompile Include="ToolingExecutableTests\ErrorHelpersTests.cpp">
      <Filter>Source Files</Filter>
    </ClCompile>
    <ClCompile Include="ToolingExecutableTests\LexicalAnalyzerTests.cpp">
      <Filter>Source Files</Filter>
    </ClCompile>
    <ClCompile Include="ToolingExecutableTests\EdlParserArrayTests.cpp">
      <Filter>Source Files</Filter>
    </ClCompile>
    <ClCompile Include="ToolingExecutableTests\EdlParserBasicTypesTests.cpp">
      <Filter>Source Files</Filter>
    </ClCompile>
    <ClCompile Include="ToolingExecutableTests\EdlParserEnumTypeTests.cpp">
      <Filter>Source Files</Filter>
    </ClCompile>
    <ClCompile Include="ToolingExecutableTests\EdlParserStructTypesTests.cpp">
      <Filter>Source Files</Filter>
    </ClCompile>
    <ClCompile Include="ToolingExecutableTests\EdlParserImportTests.cpp">
      <Filter>Source Files</Filter>
    </ClCompile>
    <ClCompile Include="ToolingExecutableTests\EdlParserOptionalTypes.cpp">
      <Filter>Source Files</Filter>
    </ClCompile>
  </ItemGroup>
  <ItemGroup>
    <ClInclude Include="pch.h">
      <Filter>Header Files</Filter>
    </ClInclude>
    <ClInclude Include="ToolingExecutableTests\EdlParserTestHelpers.h">
      <Filter>Header Files</Filter>
    </ClInclude>
  </ItemGroup>
  <ItemGroup>
    <None Include="README.md" />
    <None Include="packages.config" />
    <None Include="TestFiles\ImportTestFiles\ImproperImportStatementsTest.edl" />
    <None Include="TestFiles\ArrayTest.edl" />
    <None Include="TestFiles\BasicTypesTest.edl" />
    <None Include="TestFiles\EnumTest.edl" />
    <None Include="TestFiles\ImportTestFiles\ImportTest.edl" />
    <None Include="TestFiles\StructTest.edl" />
    <None Include="TestFiles\ImportTestFiles\DuplicateImports\A_Duplicate.edl" />
    <None Include="TestFiles\ImportTestFiles\DuplicateImports\B_Duplicate.edl" />
    <None Include="TestFiles\ImportTestFiles\DuplicateImports\C_Duplicate.edl" />
    <None Include="TestFiles\ImportTestFiles\DuplicateImports\D_Duplicate.edl" />
    <None Include="TestFiles\ImportTestFiles\CycleImports\A_Cycle.edl" />
    <None Include="TestFiles\ImportTestFiles\CycleImports\B_Cycle.edl" />
    <None Include="TestFiles\ImportTestFiles\CycleImports\C_Cycle.edl" />
    <None Include="TestFiles\ImportTestFiles\CycleImports\D_Cycle.edl" />
    <None Include="TestFiles\ImportTestFiles\DuplicateAnonymousEnumValues.edl" />
    <None Include="TestFiles\OptionalTests.edl" />
    <None Include="TestFiles\OptionalTestWithCycle.edl" />
  </ItemGroup>
  <ItemGroup>
    <Natvis Include="$(MSBuildThisFileDirectory)..\..\natvis\wil.natvis" />
  </ItemGroup>
</Project>