
Microsoft Visual Studio Solution File, Format Version 12.00
# Visual Studio Version 17
VisualStudioVersion = 17.9.34902.65
MinimumVisualStudioVersion = 10.0.40219.1
Project("{8BC9CEB8-8B4A-11D0-8D11-00A0C91BC942}") = "veil_enclave_cpp_support_lib", "..\..\Common\veil_enclave_cpp_support_lib\veil_enclave_cpp_support_lib.vcxproj", "{26116633-98EC-4EAC-859C-139D020D10C9}"
EndProject
Project("{8BC9CEB8-8B4A-11D0-8D11-00A0C91BC942}") = "veil_any_inc", "src\veil_any_inc\veil_any_inc.vcxitems", "{AB8C652A-8847-43C0-8F56-386102A43C4D}"
EndProject
Project("{8BC9CEB8-8B4A-11D0-8D11-00A0C91BC942}") = "veil_enclave_lib", "src\veil_enclave_lib\veil_enclave_lib.vcxproj", "{323433E4-11D6-4B5B-93E4-04504E2EF0E1}"
EndProject
Project("{8BC9CEB8-8B4A-11D0-8D11-00A0C91BC942}") = "sample_enclave", "samples\sample_enclave\sample_enclave.vcxproj", "{4F3B74F2-8C5D-449E-9841-ED5FCF6372DE}"
EndProject
Project("{8BC9CEB8-8B4A-11D0-8D11-00A0C91BC942}") = "sample_hostapp", "samples\sample_hostapp\sample_hostapp.vcxproj", "{FE406A85-1FC5-43DD-B4BB-20B024407B83}"
EndProject
Project("{8BC9CEB8-8B4A-11D0-8D11-00A0C91BC942}") = "veil_host_lib", "src\veil_host_lib\veil_host_lib.vcxproj", "{EE419DF4-62DC-4827-A0FC-727709B90C06}"
EndProject
Project("{8BC9CEB8-8B4A-11D0-8D11-00A0C91BC942}") = "sample_any_inc", "samples\sample_any_inc\sample_any_inc.vcxitems", "{471ADF22-988A-499B-BD29-B51F48C940A6}"
EndProject
Global
	GlobalSection(SolutionConfigurationPlatforms) = preSolution
		Debug|Any CPU = Debug|Any CPU
		Debug|ARM64 = Debug|ARM64
		Debug|x64 = Debug|x64
		Debug|x86 = Debug|x86
		Release|Any CPU = Release|Any CPU
		Release|ARM64 = Release|ARM64
		Release|x64 = Release|x64
		Release|x86 = Release|x86
	EndGlobalSection
	GlobalSection(ProjectConfigurationPlatforms) = postSolution
		{26116633-98EC-4EAC-859C-139D020D10C9}.Debug|Any CPU.ActiveCfg = Debug|x64
		{26116633-98EC-4EAC-859C-139D020D10C9}.Debug|Any CPU.Build.0 = Debug|x64
		{26116633-98EC-4EAC-859C-139D020D10C9}.Debug|ARM64.ActiveCfg = Debug|ARM64
		{26116633-98EC-4EAC-859C-139D020D10C9}.Debug|ARM64.Build.0 = Debug|ARM64
		{26116633-98EC-4EAC-859C-139D020D10C9}.Debug|x64.ActiveCfg = Debug|x64
		{26116633-98EC-4EAC-859C-139D020D10C9}.Debug|x64.Build.0 = Debug|x64
		{26116633-98EC-4EAC-859C-139D020D10C9}.Debug|x86.ActiveCfg = Debug|x64
		{26116633-98EC-4EAC-859C-139D020D10C9}.Debug|x86.Build.0 = Debug|x64
		{26116633-98EC-4EAC-859C-139D020D10C9}.Release|Any CPU.ActiveCfg = Release|x64
		{26116633-98EC-4EAC-859C-139D020D10C9}.Release|Any CPU.Build.0 = Release|x64
		{26116633-98EC-4EAC-859C-139D020D10C9}.Release|ARM64.ActiveCfg = Release|ARM64
		{26116633-98EC-4EAC-859C-139D020D10C9}.Release|ARM64.Build.0 = Release|ARM64
		{26116633-98EC-4EAC-859C-139D020D10C9}.Release|x64.ActiveCfg = Release|x64
		{26116633-98EC-4EAC-859C-139D020D10C9}.Release|x64.Build.0 = Release|x64
		{26116633-98EC-4EAC-859C-139D020D10C9}.Release|x86.ActiveCfg = Release|x64
		{26116633-98EC-4EAC-859C-139D020D10C9}.Release|x86.Build.0 = Release|x64
		{323433E4-11D6-4B5B-93E4-04504E2EF0E1}.Debug|Any CPU.ActiveCfg = Debug|x64
		{323433E4-11D6-4B5B-93E4-04504E2EF0E1}.Debug|Any CPU.Build.0 = Debug|x64
		{323433E4-11D6-4B5B-93E4-04504E2EF0E1}.Debug|ARM64.ActiveCfg = Debug|ARM64
		{323433E4-11D6-4B5B-93E4-04504E2EF0E1}.Debug|ARM64.Build.0 = Debug|ARM64
		{323433E4-11D6-4B5B-93E4-04504E2EF0E1}.Debug|x64.ActiveCfg = Debug|x64
		{323433E4-11D6-4B5B-93E4-04504E2EF0E1}.Debug|x64.Build.0 = Debug|x64
		{323433E4-11D6-4B5B-93E4-04504E2EF0E1}.Debug|x86.ActiveCfg = Debug|x64
		{323433E4-11D6-4B5B-93E4-04504E2EF0E1}.Debug|x86.Build.0 = Debug|x64
		{323433E4-11D6-4B5B-93E4-04504E2EF0E1}.Release|Any CPU.ActiveCfg = Release|x64
		{323433E4-11D6-4B5B-93E4-04504E2EF0E1}.Release|Any CPU.Build.0 = Release|x64
		{323433E4-11D6-4B5B-93E4-04504E2EF0E1}.Release|ARM64.ActiveCfg = Release|ARM64
		{323433E4-11D6-4B5B-93E4-04504E2EF0E1}.Release|ARM64.Build.0 = Release|ARM64
		{323433E4-11D6-4B5B-93E4-04504E2EF0E1}.Release|x64.ActiveCfg = Release|x64
		{323433E4-11D6-4B5B-93E4-04504E2EF0E1}.Release|x64.Build.0 = Release|x64
		{323433E4-11D6-4B5B-93E4-04504E2EF0E1}.Release|x86.ActiveCfg = Release|x64
		{323433E4-11D6-4B5B-93E4-04504E2EF0E1}.Release|x86.Build.0 = Release|x64
		{4F3B74F2-8C5D-449E-9841-ED5FCF6372DE}.Debug|Any CPU.ActiveCfg = Debug|x64
		{4F3B74F2-8C5D-449E-9841-ED5FCF6372DE}.Debug|Any CPU.Build.0 = Debug|x64
		{4F3B74F2-8C5D-449E-9841-ED5FCF6372DE}.Debug|ARM64.ActiveCfg = Debug|ARM64
		{4F3B74F2-8C5D-449E-9841-ED5FCF6372DE}.Debug|ARM64.Build.0 = Debug|ARM64
		{4F3B74F2-8C5D-449E-9841-ED5FCF6372DE}.Debug|x64.ActiveCfg = Debug|x64
		{4F3B74F2-8C5D-449E-9841-ED5FCF6372DE}.Debug|x64.Build.0 = Debug|x64
		{4F3B74F2-8C5D-449E-9841-ED5FCF6372DE}.Debug|x86.ActiveCfg = Debug|x64
		{4F3B74F2-8C5D-449E-9841-ED5FCF6372DE}.Debug|x86.Build.0 = Debug|x64
		{4F3B74F2-8C5D-449E-9841-ED5FCF6372DE}.Release|Any CPU.ActiveCfg = Release|x64
		{4F3B74F2-8C5D-449E-9841-ED5FCF6372DE}.Release|Any CPU.Build.0 = Release|x64
		{4F3B74F2-8C5D-449E-9841-ED5FCF6372DE}.Release|ARM64.ActiveCfg = Release|ARM64
		{4F3B74F2-8C5D-449E-9841-ED5FCF6372DE}.Release|ARM64.Build.0 = Release|ARM64
		{4F3B74F2-8C5D-449E-9841-ED5FCF6372DE}.Release|x64.ActiveCfg = Release|x64
		{4F3B74F2-8C5D-449E-9841-ED5FCF6372DE}.Release|x64.Build.0 = Release|x64
		{4F3B74F2-8C5D-449E-9841-ED5FCF6372DE}.Release|x86.ActiveCfg = Release|x64
		{4F3B74F2-8C5D-449E-9841-ED5FCF6372DE}.Release|x86.Build.0 = Release|x64
		{FE406A85-1FC5-43DD-B4BB-20B024407B83}.Debug|Any CPU.ActiveCfg = Debug|x64
		{FE406A85-1FC5-43DD-B4BB-20B024407B83}.Debug|Any CPU.Build.0 = Debug|x64
		{FE406A85-1FC5-43DD-B4BB-20B024407B83}.Debug|Any CPU.Deploy.0 = Debug|x64
		{FE406A85-1FC5-43DD-B4BB-20B024407B83}.Debug|ARM64.ActiveCfg = Debug|ARM64
		{FE406A85-1FC5-43DD-B4BB-20B024407B83}.Debug|ARM64.Build.0 = Debug|ARM64
		{FE406A85-1FC5-43DD-B4BB-20B024407B83}.Debug|x64.ActiveCfg = Debug|x64
		{FE406A85-1FC5-43DD-B4BB-20B024407B83}.Debug|x64.Build.0 = Debug|x64
		{FE406A85-1FC5-43DD-B4BB-20B024407B83}.Debug|x64.Deploy.0 = Debug|x64
		{FE406A85-1FC5-43DD-B4BB-20B024407B83}.Debug|x86.ActiveCfg = Debug|x64
		{FE406A85-1FC5-43DD-B4BB-20B024407B83}.Debug|x86.Build.0 = Debug|x64
		{FE406A85-1FC5-43DD-B4BB-20B024407B83}.Debug|x86.Deploy.0 = Debug|x64
		{FE406A85-1FC5-43DD-B4BB-20B024407B83}.Release|Any CPU.ActiveCfg = Release|x64
		{FE406A85-1FC5-43DD-B4BB-20B024407B83}.Release|Any CPU.Build.0 = Release|x64
		{FE406A85-1FC5-43DD-B4BB-20B024407B83}.Release|Any CPU.Deploy.0 = Release|x64
		{FE406A85-1FC5-43DD-B4BB-20B024407B83}.Release|ARM64.ActiveCfg = Release|ARM64
		{FE406A85-1FC5-43DD-B4BB-20B024407B83}.Release|ARM64.Build.0 = Release|ARM64
		{FE406A85-1FC5-43DD-B4BB-20B024407B83}.Release|x64.ActiveCfg = Release|x64
		{FE406A85-1FC5-43DD-B4BB-20B024407B83}.Release|x64.Build.0 = Release|x64
		{FE406A85-1FC5-43DD-B4BB-20B024407B83}.Release|x64.Deploy.0 = Release|x64
		{FE406A85-1FC5-43DD-B4BB-20B024407B83}.Release|x86.ActiveCfg = Release|x64
		{FE406A85-1FC5-43DD-B4BB-20B024407B83}.Release|x86.Build.0 = Release|x64
		{FE406A85-1FC5-43DD-B4BB-20B024407B83}.Release|x86.Deploy.0 = Release|x64
		{EE419DF4-62DC-4827-A0FC-727709B90C06}.Debug|Any CPU.ActiveCfg = Debug|x64
		{EE419DF4-62DC-4827-A0FC-727709B90C06}.Debug|Any CPU.Build.0 = Debug|x64
		{EE419DF4-62DC-4827-A0FC-727709B90C06}.Debug|ARM64.ActiveCfg = Debug|ARM64
		{EE419DF4-62DC-4827-A0FC-727709B90C06}.Debug|ARM64.Build.0 = Debug|ARM64
		{EE419DF4-62DC-4827-A0FC-727709B90C06}.Debug|x64.ActiveCfg = Debug|x64
		{EE419DF4-62DC-4827-A0FC-727709B90C06}.Debug|x64.Build.0 = Debug|x64
		{EE419DF4-62DC-4827-A0FC-727709B90C06}.Debug|x86.ActiveCfg = Debug|x64
		{EE419DF4-62DC-4827-A0FC-727709B90C06}.Debug|x86.Build.0 = Debug|x64
		{EE419DF4-62DC-4827-A0FC-727709B90C06}.Release|Any CPU.ActiveCfg = Release|x64
		{EE419DF4-62DC-4827-A0FC-727709B90C06}.Release|Any CPU.Build.0 = Release|x64
		{EE419DF4-62DC-4827-A0FC-727709B90C06}.Release|ARM64.ActiveCfg = Release|ARM64
		{EE419DF4-62DC-4827-A0FC-727709B90C06}.Release|ARM64.Build.0 = Release|ARM64
		{EE419DF4-62DC-4827-A0FC-727709B90C06}.Release|x64.ActiveCfg = Release|x64
		{EE419DF4-62DC-4827-A0FC-727709B90C06}.Release|x64.Build.0 = Release|x64
		{EE419DF4-62DC-4827-A0FC-727709B90C06}.Release|x86.ActiveCfg = Release|x64
		{EE419DF4-62DC-4827-A0FC-727709B90C06}.Release|x86.Build.0 = Release|x64
	EndGlobalSection
	GlobalSection(SolutionProperties) = preSolution
		HideSolutionNode = FALSE
	EndGlobalSection
	GlobalSection(ExtensibilityGlobals) = postSolution
		SolutionGuid = {166D23FF-1362-43F2-BEE7-58FDCDB133DF}
	EndGlobalSection
	GlobalSection(SharedMSBuildProjectFiles) = preSolution
		src\veil_any_inc\veil_any_inc.vcxitems*{323433e4-11d6-4b5b-93e4-04504e2ef0e1}*SharedItemsImports = 4
		samples\sample_any_inc\sample_any_inc.vcxitems*{471adf22-988a-499b-bd29-b51f48c940a6}*SharedItemsImports = 9
		samples\sample_any_inc\sample_any_inc.vcxitems*{4f3b74f2-8c5d-449e-9841-ed5fcf6372de}*SharedItemsImports = 4
		src\veil_any_inc\veil_any_inc.vcxitems*{4f3b74f2-8c5d-449e-9841-ed5fcf6372de}*SharedItemsImports = 4
		src\veil_any_inc\veil_any_inc.vcxitems*{ab8c652a-8847-43c0-8f56-386102a43c4d}*SharedItemsImports = 9
		src\veil_any_inc\veil_any_inc.vcxitems*{ee419df4-62dc-4827-a0fc-727709b90c06}*SharedItemsImports = 4
		samples\sample_any_inc\sample_any_inc.vcxitems*{fe406a85-1fc5-43dd-b4bb-20b024407b83}*SharedItemsImports = 4
		src\veil_any_inc\veil_any_inc.vcxitems*{fe406a85-1fc5-43dd-b4bb-20b024407b83}*SharedItemsImports = 4
	EndGlobalSection
EndGlobal
